# This file is automatically @generated by Cargo.
# It is not intended for manual editing.
version = 4

[[package]]
name = "chunkshift-fastcdc-reference"
version = "0.0.0"
dependencies = [
 "fastcdc",
]

[[package]]
name = "fastcdc"
version = "5.0.0"
source = "registry+https://github.com/rust-lang/crates.io-index"
checksum = "0431c3132902a1bed6fe77dcfa5d03844e083f263b81288246a2d43dd7d4b2ad"
