<Solution>
  <Folder Name="/src/">
    <Project Path="../src/ChunkShift/ChunkShift.csproj" />
    <Project Path="../src/ChunkShift.Patching/ChunkShift.Patching.csproj" />
  </Folder>
  <Folder Name="/benchmarks/">
    <Project Path="ChunkShift.Benchmarks/ChunkShift.Benchmarks.csproj" />
    <Project Path="ChunkShift.Benchmarks.Tests/ChunkShift.Benchmarks.Tests.csproj" />
  </Folder>
</Solution>
